# THIS IS AN AUTOGENERATED FILE. DO NOT EDIT THIS FILE DIRECTLY.
# yarn lockfile v1


"@types/jsonfile@^4.0.1":
  version "4.0.1"
  resolved "https://registry.yarnpkg.com/@types/jsonfile/-/jsonfile-4.0.1.tgz#be43f5096f1b3c97180e7ae419d747287d24d494"
  dependencies:
    "@types/node" "*"

"@types/node@*":
  version "10.12.10"
  resolved "https://registry.yarnpkg.com/@types/node/-/node-10.12.10.tgz#4fa76e6598b7de3f0cb6ec3abacc4f59e5b3a2ce"

"@types/node@^10.5.8":
  version "10.5.8"
  resolved "https://registry.yarnpkg.com/@types/node/-/node-10.5.8.tgz#6f14ccecad1d19332f063a6a764f8907801fece0"

abbrev@1:
  version "1.1.1"
  resolved "https://registry.yarnpkg.com/abbrev/-/abbrev-1.1.1.tgz#f8f2c887ad10bf67f634f005b6987fed3179aac8"

apib-include-directive@^0.1.0:
  version "0.1.0"
  resolved "https://registry.yarnpkg.com/apib-include-directive/-/apib-include-directive-0.1.0.tgz#61083ee1a660c2c328f7473fb6431812a65a6cb5"

apib2swagger@^1.5.0:
  version "1.5.0"
  resolved "https://registry.yarnpkg.com/apib2swagger/-/apib2swagger-1.5.0.tgz#142e6b75c154e9d0e020204fbd409a478d88ab6f"
  dependencies:
    apib-include-directive "^0.1.0"
    drafter.js "^2.6.2"
    generate-schema "^2.5.0"
    js-yaml "^3.9.1"
    nopt "^3.0.6"
    uritemplate "^0.3.4"

argparse@^1.0.7:
  version "1.0.10"
  resolved "https://registry.yarnpkg.com/argparse/-/argparse-1.0.10.tgz#bcd6791ea5ae09725e17e5ad988134cd40b3d911"
  dependencies:
    sprintf-js "~1.0.2"

commander@^2.9.0:
  version "2.19.0"
  resolved "https://registry.yarnpkg.com/commander/-/commander-2.19.0.tgz#f6198aa84e5b83c46054b94ddedbfed5ee9ff12a"

drafter.js@^2.6.2:
  version "2.6.7"
  resolved "https://registry.yarnpkg.com/drafter.js/-/drafter.js-2.6.7.tgz#59c43a8586527340cb35bddc54180559faeef001"

esprima@^4.0.0:
  version "4.0.1"
  resolved "https://registry.yarnpkg.com/esprima/-/esprima-4.0.1.tgz#13b04cdb3e6c5d19df91ab6987a8695619b0aa71"

generate-schema@^2.5.0:
  version "2.6.0"
  resolved "https://registry.yarnpkg.com/generate-schema/-/generate-schema-2.6.0.tgz#9ac037550fd4243783a9f7681d39bee8870bcec2"
  dependencies:
    commander "^2.9.0"
    type-of-is "^3.4.0"

graceful-fs@^4.1.6:
  version "4.1.15"
  resolved "https://registry.yarnpkg.com/graceful-fs/-/graceful-fs-4.1.15.tgz#ffb703e1066e8a0eeaa4c8b80ba9253eeefbfb00"

js-yaml@^3.9.1:
  version "3.12.0"
  resolved "https://registry.yarnpkg.com/js-yaml/-/js-yaml-3.12.0.tgz#eaed656ec8344f10f527c6bfa1b6e2244de167d1"
  dependencies:
    argparse "^1.0.7"
    esprima "^4.0.0"

jsonfile@^5.0.0:
  version "5.0.0"
  resolved "https://registry.yarnpkg.com/jsonfile/-/jsonfile-5.0.0.tgz#e6b718f73da420d612823996fdf14a03f6ff6922"
  dependencies:
    universalify "^0.1.2"
  optionalDependencies:
    graceful-fs "^4.1.6"

nopt@^3.0.6:
  version "3.0.6"
  resolved "https://registry.yarnpkg.com/nopt/-/nopt-3.0.6.tgz#c6465dbf08abcd4db359317f79ac68a646b28ff9"
  dependencies:
    abbrev "1"

sprintf-js@~1.0.2:
  version "1.0.3"
  resolved "https://registry.yarnpkg.com/sprintf-js/-/sprintf-js-1.0.3.tgz#04e6926f662895354f3dd015203633b857297e2c"

type-of-is@^3.4.0:
  version "3.5.1"
  resolved "https://registry.yarnpkg.com/type-of-is/-/type-of-is-3.5.1.tgz#eec2fc89b828dbf9900eb6416eee30f4fe0fcd31"

universalify@^0.1.2:
  version "0.1.2"
  resolved "https://registry.yarnpkg.com/universalify/-/universalify-0.1.2.tgz#b646f69be3942dabcecc9d6639c80dc105efaa66"

uritemplate@^0.3.4:
  version "0.3.4"
  resolved "https://registry.yarnpkg.com/uritemplate/-/uritemplate-0.3.4.tgz#05d0a853ffbc8b0f49aa3d4d2ad777b0d1ee070c"
